
Microsoft Visual Studio Solution File, Format Version 12.00
# Visual Studio Version 17
VisualStudioVersion = 17.10.35122.118
MinimumVisualStudioVersion = 10.0.40219.1
Project("{FAE04EC0-301F-11D3-BF4B-00C04F79EFBC}") = "HotelAPI", "HotelsAPI\HotelAPI.csproj", "{EA3D22AF-84BB-40E4-A5A3-9760AFE0281D}"
EndProject
Global
	GlobalSection(SolutionConfigurationPlatforms) = preSolution
		Debug|Any CPU = Debug|Any CPU
		Release|Any CPU = Release|Any CPU
	EndGlobalSection
	GlobalSection(ProjectConfigurationPlatforms) = postSolution
		{EA3D22AF-84BB-40E4-A5A3-9760AFE0281D}.Debug|Any CPU.ActiveCfg = Debug|Any CPU
		{EA3D22AF-84BB-40E4-A5A3-9760AFE0281D}.Debug|Any CPU.Build.0 = Debug|Any CPU
		{EA3D22AF-84BB-40E4-A5A3-9760AFE0281D}.Release|Any CPU.ActiveCfg = Release|Any CPU
		{EA3D22AF-84BB-40E4-A5A3-9760AFE0281D}.Release|Any CPU.Build.0 = Release|Any CPU
	EndGlobalSection
	GlobalSection(SolutionProperties) = preSolution
		HideSolutionNode = FALSE
	EndGlobalSection
	GlobalSection(ExtensibilityGlobals) = postSolution
		SolutionGuid = {3E7251B3-4C04-414B-B3A1-2C927B899EAB}
	EndGlobalSection
EndGlobal
